// !$*UTF8*$!
{
	archiveVersion = 1;
	classes = {
	};
	objectVersion = 46;
	objects = {

/* Begin PBXBuildFile section */
		85723333D5A8E1ED4A7DA213 /* libPods-FocusCircleUITests.a in Frameworks */ = {isa = PBXBuildFile; fileRef = 52A8264FF3AE57AF667F9BD5 /* libPods-FocusCircleUITests.a */; };
		B34F28881C4378B200E2655A /* String+FocusCircle.swift in Sources */ = {isa = PBXBuildFile; fileRef = B34F28871C4378B200E2655A /* String+FocusCircle.swift */; };
		B34F288F1C44F3BD00E2655A /* DatabaseController.swift in Sources */ = {isa = PBXBuildFile; fileRef = B34F288E1C44F3BD00E2655A /* DatabaseController.swift */; };
		B353C8B81C433622003FF374 /* Double+FocusCircle.swift in Sources */ = {isa = PBXBuildFile; fileRef = B353C8B71C433622003FF374 /* Double+FocusCircle.swift */; };
		B380A4A81C390A7A004A38C9 /* AppDelegate.swift in Sources */ = {isa = PBXBuildFile; fileRef = B380A4A71C390A7A004A38C9 /* AppDelegate.swift */; };
		B380A4AD1C390A7A004A38C9 /* Main.storyboard in Resources */ = {isa = PBXBuildFile; fileRef = B380A4AB1C390A7A004A38C9 /* Main.storyboard */; };
		B380A4AF1C390A7A004A38C9 /* Assets.xcassets in Resources */ = {isa = PBXBuildFile; fileRef = B380A4AE1C390A7A004A38C9 /* Assets.xcassets */; };
		B380A4B21C390A7A004A38C9 /* LaunchScreen.storyboard in Resources */ = {isa = PBXBuildFile; fileRef = B380A4B01C390A7A004A38C9 /* LaunchScreen.storyboard */; };
		B380A4BD1C390A7A004A38C9 /* FocusCircleTests.swift in Sources */ = {isa = PBXBuildFile; fileRef = B380A4BC1C390A7A004A38C9 /* FocusCircleTests.swift */; };
		B380A4C81C390A7A004A38C9 /* FocusCircleUITests.swift in Sources */ = {isa = PBXBuildFile; fileRef = B380A4C71C390A7A004A38C9 /* FocusCircleUITests.swift */; };
		B380A4D61C40F0F7004A38C9 /* TimerController.swift in Sources */ = {isa = PBXBuildFile; fileRef = B380A4D51C40F0F7004A38C9 /* TimerController.swift */; };
		B380A4D81C40F13C004A38C9 /* Timer.swift in Sources */ = {isa = PBXBuildFile; fileRef = B380A4D71C40F13C004A38C9 /* Timer.swift */; };
		B380A4DE1C414D22004A38C9 /* TimerViewController.swift in Sources */ = {isa = PBXBuildFile; fileRef = B380A4DD1C414D22004A38C9 /* TimerViewController.swift */; };
		B380A4E41C41F81D004A38C9 /* TimerTableViewCell.swift in Sources */ = {isa = PBXBuildFile; fileRef = B380A4E31C41F81D004A38C9 /* TimerTableViewCell.swift */; };
		B380A4ED1C42351C004A38C9 /* TimerTextTableViewController.swift in Sources */ = {isa = PBXBuildFile; fileRef = B380A4EC1C42351C004A38C9 /* TimerTextTableViewController.swift */; };
		B380A4EF1C4267B9004A38C9 /* UIAlertController+FocusCircle.swift in Sources */ = {isa = PBXBuildFile; fileRef = B380A4EE1C4267B9004A38C9 /* UIAlertController+FocusCircle.swift */; };
		B380A4FA1C43FC04004A38C9 /* UIButton+FocusCircle.swift in Sources */ = {isa = PBXBuildFile; fileRef = B380A4F91C43FC04004A38C9 /* UIButton+FocusCircle.swift */; };
		BBE5C656A98EF3606F2C1D31 /* libPods-FocusCircle.a in Frameworks */ = {isa = PBXBuildFile; fileRef = 03F5C66E992C7C0C1312E360 /* libPods-FocusCircle.a */; };
		DBDC705EF6C136F6E93315A3 /* libPods-FocusCircleTests.a in Frameworks */ = {isa = PBXBuildFile; fileRef = 42D26D5DCD1DFAF318F470E1 /* libPods-FocusCircleTests.a */; };
/* End PBXBuildFile section */

/* Begin PBXContainerItemProxy section */
		B380A4B91C390A7A004A38C9 /* PBXContainerItemProxy */ = {
			isa = PBXContainerItemProxy;
			containerPortal = B380A49C1C390A7A004A38C9 /* Project object */;
			proxyType = 1;
			remoteGlobalIDString = B380A4A31C390A7A004A38C9;
			remoteInfo = FocusCircle;
		};
		B380A4C41C390A7A004A38C9 /* PBXContainerItemProxy */ = {
			isa = PBXContainerItemProxy;
			containerPortal = B380A49C1C390A7A004A38C9 /* Project object */;
			proxyType = 1;
			remoteGlobalIDString = B380A4A31C390A7A004A38C9;
			remoteInfo = FocusCircle;
		};
/* End PBXContainerItemProxy section */

/* Begin PBXFileReference section */
		03F5C66E992C7C0C1312E360 /* libPods-FocusCircle.a */ = {isa = PBXFileReference; explicitFileType = archive.ar; includeInIndex = 0; path = "libPods-FocusCircle.a"; sourceTree = BUILT_PRODUCTS_DIR; };
		0F67A3A5F127E86E342A37EC /* Pods-FocusCircle.debug.xcconfig */ = {isa = PBXFileReference; includeInIndex = 1; lastKnownFileType = text.xcconfig; name = "Pods-FocusCircle.debug.xcconfig"; path = "Pods/Target Support Files/Pods-FocusCircle/Pods-FocusCircle.debug.xcconfig"; sourceTree = "<group>"; };
		42D26D5DCD1DFAF318F470E1 /* libPods-FocusCircleTests.a */ = {isa = PBXFileReference; explicitFileType = archive.ar; includeInIndex = 0; path = "libPods-FocusCircleTests.a"; sourceTree = BUILT_PRODUCTS_DIR; };
		47B74F41A6DC3397837EA20F /* Pods-FocusCircleUITests.debug.xcconfig */ = {isa = PBXFileReference; includeInIndex = 1; lastKnownFileType = text.xcconfig; name = "Pods-FocusCircleUITests.debug.xcconfig"; path = "Pods/Target Support Files/Pods-FocusCircleUITests/Pods-FocusCircleUITests.debug.xcconfig"; sourceTree = "<group>"; };
		52A8264FF3AE57AF667F9BD5 /* libPods-FocusCircleUITests.a */ = {isa = PBXFileReference; explicitFileType = archive.ar; includeInIndex = 0; path = "libPods-FocusCircleUITests.a"; sourceTree = BUILT_PRODUCTS_DIR; };
		54A56AC8B3F4746AD82FE679 /* Pods-FocusCircleUITests.release.xcconfig */ = {isa = PBXFileReference; includeInIndex = 1; lastKnownFileType = text.xcconfig; name = "Pods-FocusCircleUITests.release.xcconfig"; path = "Pods/Target Support Files/Pods-FocusCircleUITests/Pods-FocusCircleUITests.release.xcconfig"; sourceTree = "<group>"; };
		55728C91537A3D8E4910457F /* Pods-FocusCircleTests.release.xcconfig */ = {isa = PBXFileReference; includeInIndex = 1; lastKnownFileType = text.xcconfig; name = "Pods-FocusCircleTests.release.xcconfig"; path = "Pods/Target Support Files/Pods-FocusCircleTests/Pods-FocusCircleTests.release.xcconfig"; sourceTree = "<group>"; };
		920D5BACD25D1E0432A04A99 /* Pods-FocusCircle.release.xcconfig */ = {isa = PBXFileReference; includeInIndex = 1; lastKnownFileType = text.xcconfig; name = "Pods-FocusCircle.release.xcconfig"; path = "Pods/Target Support Files/Pods-FocusCircle/Pods-FocusCircle.release.xcconfig"; sourceTree = "<group>"; };
		B34F28871C4378B200E2655A /* String+FocusCircle.swift */ = {isa = PBXFileReference; fileEncoding = 4; lastKnownFileType = sourcecode.swift; path = "String+FocusCircle.swift"; sourceTree = "<group>"; };
		B34F28891C448E4C00E2655A /* FocusCircle-Bridging-Header.h */ = {isa = PBXFileReference; lastKnownFileType = sourcecode.c.h; path = "FocusCircle-Bridging-Header.h"; sourceTree = "<group>"; };
		B34F288E1C44F3BD00E2655A /* DatabaseController.swift */ = {isa = PBXFileReference; fileEncoding = 4; lastKnownFileType = sourcecode.swift; path = DatabaseController.swift; sourceTree = "<group>"; };
		B353C8B71C433622003FF374 /* Double+FocusCircle.swift */ = {isa = PBXFileReference; fileEncoding = 4; lastKnownFileType = sourcecode.swift; path = "Double+FocusCircle.swift"; sourceTree = "<group>"; };
		B380A4A41C390A7A004A38C9 /* FocusCircle.app */ = {isa = PBXFileReference; explicitFileType = wrapper.application; includeInIndex = 0; path = FocusCircle.app; sourceTree = BUILT_PRODUCTS_DIR; };
		B380A4A71C390A7A004A38C9 /* AppDelegate.swift */ = {isa = PBXFileReference; lastKnownFileType = sourcecode.swift; path = AppDelegate.swift; sourceTree = "<group>"; };
		B380A4AC1C390A7A004A38C9 /* Base */ = {isa = PBXFileReference; lastKnownFileType = file.storyboard; name = Base; path = Base.lproj/Main.storyboard; sourceTree = "<group>"; };
		B380A4AE1C390A7A004A38C9 /* Assets.xcassets */ = {isa = PBXFileReference; lastKnownFileType = folder.assetcatalog; path = Assets.xcassets; sourceTree = "<group>"; };
		B380A4B11C390A7A004A38C9 /* Base */ = {isa = PBXFileReference; lastKnownFileType = file.storyboard; name = Base; path = Base.lproj/LaunchScreen.storyboard; sourceTree = "<group>"; };
		B380A4B31C390A7A004A38C9 /* Info.plist */ = {isa = PBXFileReference; lastKnownFileType = text.plist.xml; path = Info.plist; sourceTree = "<group>"; };
		B380A4B81C390A7A004A38C9 /* FocusCircleTests.xctest */ = {isa = PBXFileReference; explicitFileType = wrapper.cfbundle; includeInIndex = 0; path = FocusCircleTests.xctest; sourceTree = BUILT_PRODUCTS_DIR; };
		B380A4BC1C390A7A004A38C9 /* FocusCircleTests.swift */ = {isa = PBXFileReference; lastKnownFileType = sourcecode.swift; path = FocusCircleTests.swift; sourceTree = "<group>"; };
		B380A4BE1C390A7A004A38C9 /* Info.plist */ = {isa = PBXFileReference; lastKnownFileType = text.plist.xml; path = Info.plist; sourceTree = "<group>"; };
		B380A4C31C390A7A004A38C9 /* FocusCircleUITests.xctest */ = {isa = PBXFileReference; explicitFileType = wrapper.cfbundle; includeInIndex = 0; path = FocusCircleUITests.xctest; sourceTree = BUILT_PRODUCTS_DIR; };
		B380A4C71C390A7A004A38C9 /* FocusCircleUITests.swift */ = {isa = PBXFileReference; lastKnownFileType = sourcecode.swift; path = FocusCircleUITests.swift; sourceTree = "<group>"; };
		B380A4C91C390A7A004A38C9 /* Info.plist */ = {isa = PBXFileReference; lastKnownFileType = text.plist.xml; path = Info.plist; sourceTree = "<group>"; };
		B380A4D51C40F0F7004A38C9 /* TimerController.swift */ = {isa = PBXFileReference; fileEncoding = 4; lastKnownFileType = sourcecode.swift; path = TimerController.swift; sourceTree = "<group>"; };
		B380A4D71C40F13C004A38C9 /* Timer.swift */ = {isa = PBXFileReference; fileEncoding = 4; lastKnownFileType = sourcecode.swift; path = Timer.swift; sourceTree = "<group>"; };
		B380A4DD1C414D22004A38C9 /* TimerViewController.swift */ = {isa = PBXFileReference; fileEncoding = 4; lastKnownFileType = sourcecode.swift; path = TimerViewController.swift; sourceTree = "<group>"; };
		B380A4E31C41F81D004A38C9 /* TimerTableViewCell.swift */ = {isa = PBXFileReference; fileEncoding = 4; lastKnownFileType = sourcecode.swift; path = TimerTableViewCell.swift; sourceTree = "<group>"; };
		B380A4EC1C42351C004A38C9 /* TimerTextTableViewController.swift */ = {isa = PBXFileReference; fileEncoding = 4; lastKnownFileType = sourcecode.swift; path = TimerTextTableViewController.swift; sourceTree = "<group>"; };
		B380A4EE1C4267B9004A38C9 /* UIAlertController+FocusCircle.swift */ = {isa = PBXFileReference; fileEncoding = 4; lastKnownFileType = sourcecode.swift; path = "UIAlertController+FocusCircle.swift"; sourceTree = "<group>"; };
		B380A4F91C43FC04004A38C9 /* UIButton+FocusCircle.swift */ = {isa = PBXFileReference; fileEncoding = 4; lastKnownFileType = sourcecode.swift; path = "UIButton+FocusCircle.swift"; sourceTree = "<group>"; };
		BE373F437A7AECC5DD815D76 /* Pods-FocusCircleTests.debug.xcconfig */ = {isa = PBXFileReference; includeInIndex = 1; lastKnownFileType = text.xcconfig; name = "Pods-FocusCircleTests.debug.xcconfig"; path = "Pods/Target Support Files/Pods-FocusCircleTests/Pods-FocusCircleTests.debug.xcconfig"; sourceTree = "<group>"; };
/* End PBXFileReference section */

/* Begin PBXFrameworksBuildPhase section */
		B380A4A11C390A7A004A38C9 /* Frameworks */ = {
			isa = PBXFrameworksBuildPhase;
			buildActionMask = 2147483647;
			files = (
				BBE5C656A98EF3606F2C1D31 /* libPods-FocusCircle.a in Frameworks */,
			);
			runOnlyForDeploymentPostprocessing = 0;
		};
		B380A4B51C390A7A004A38C9 /* Frameworks */ = {
			isa = PBXFrameworksBuildPhase;
			buildActionMask = 2147483647;
			files = (
				DBDC705EF6C136F6E93315A3 /* libPods-FocusCircleTests.a in Frameworks */,
			);
			runOnlyForDeploymentPostprocessing = 0;
		};
		B380A4C01C390A7A004A38C9 /* Frameworks */ = {
			isa = PBXFrameworksBuildPhase;
			buildActionMask = 2147483647;
			files = (
				85723333D5A8E1ED4A7DA213 /* libPods-FocusCircleUITests.a in Frameworks */,
			);
			runOnlyForDeploymentPostprocessing = 0;
		};
/* End PBXFrameworksBuildPhase section */

/* Begin PBXGroup section */
		17343368584A79053AE20AF4 /* Frameworks */ = {
			isa = PBXGroup;
			children = (
				03F5C66E992C7C0C1312E360 /* libPods-FocusCircle.a */,
				42D26D5DCD1DFAF318F470E1 /* libPods-FocusCircleTests.a */,
				52A8264FF3AE57AF667F9BD5 /* libPods-FocusCircleUITests.a */,
			);
			name = Frameworks;
			sourceTree = "<group>";
		};
		A4A86AD41B525C99AEB6FB17 /* Pods */ = {
			isa = PBXGroup;
			children = (
				0F67A3A5F127E86E342A37EC /* Pods-FocusCircle.debug.xcconfig */,
				920D5BACD25D1E0432A04A99 /* Pods-FocusCircle.release.xcconfig */,
				BE373F437A7AECC5DD815D76 /* Pods-FocusCircleTests.debug.xcconfig */,
				55728C91537A3D8E4910457F /* Pods-FocusCircleTests.release.xcconfig */,
				47B74F41A6DC3397837EA20F /* Pods-FocusCircleUITests.debug.xcconfig */,
				54A56AC8B3F4746AD82FE679 /* Pods-FocusCircleUITests.release.xcconfig */,
			);
			name = Pods;
			sourceTree = "<group>";
		};
		B380A49B1C390A7A004A38C9 = {
			isa = PBXGroup;
			children = (
				B380A4A61C390A7A004A38C9 /* FocusCircle */,
				B380A4BB1C390A7A004A38C9 /* FocusCircleTests */,
				B380A4C61C390A7A004A38C9 /* FocusCircleUITests */,
				B380A4A51C390A7A004A38C9 /* Products */,
				A4A86AD41B525C99AEB6FB17 /* Pods */,
				17343368584A79053AE20AF4 /* Frameworks */,
			);
			sourceTree = "<group>";
		};
		B380A4A51C390A7A004A38C9 /* Products */ = {
			isa = PBXGroup;
			children = (
				B380A4A41C390A7A004A38C9 /* FocusCircle.app */,
				B380A4B81C390A7A004A38C9 /* FocusCircleTests.xctest */,
				B380A4C31C390A7A004A38C9 /* FocusCircleUITests.xctest */,
			);
			name = Products;
			sourceTree = "<group>";
		};
		B380A4A61C390A7A004A38C9 /* FocusCircle */ = {
			isa = PBXGroup;
			children = (
				B34F288E1C44F3BD00E2655A /* DatabaseController.swift */,
				B380A4E51C41F822004A38C9 /* Views */,
				B380A4DF1C414D2E004A38C9 /* ViewControllers */,
				B380A4E21C414D73004A38C9 /* Timer */,
				B380A4F01C4267C1004A38C9 /* Extensions */,
				B380A4E01C414D44004A38C9 /* Resources */,
				B380A4E11C414D58004A38C9 /* Supporting File */,
			);
			path = FocusCircle;
			sourceTree = "<group>";
		};
		B380A4BB1C390A7A004A38C9 /* FocusCircleTests */ = {
			isa = PBXGroup;
			children = (
				B380A4BC1C390A7A004A38C9 /* FocusCircleTests.swift */,
				B380A4BE1C390A7A004A38C9 /* Info.plist */,
			);
			path = FocusCircleTests;
			sourceTree = "<group>";
		};
		B380A4C61C390A7A004A38C9 /* FocusCircleUITests */ = {
			isa = PBXGroup;
			children = (
				B380A4C71C390A7A004A38C9 /* FocusCircleUITests.swift */,
				B380A4C91C390A7A004A38C9 /* Info.plist */,
			);
			path = FocusCircleUITests;
			sourceTree = "<group>";
		};
		B380A4DF1C414D2E004A38C9 /* ViewControllers */ = {
			isa = PBXGroup;
			children = (
				B380A4EC1C42351C004A38C9 /* TimerTextTableViewController.swift */,
				B380A4DD1C414D22004A38C9 /* TimerViewController.swift */,
			);
			name = ViewControllers;
			sourceTree = "<group>";
		};
		B380A4E01C414D44004A38C9 /* Resources */ = {
			isa = PBXGroup;
			children = (
				B380A4AB1C390A7A004A38C9 /* Main.storyboard */,
				B380A4AE1C390A7A004A38C9 /* Assets.xcassets */,
				B380A4B01C390A7A004A38C9 /* LaunchScreen.storyboard */,
			);
			name = Resources;
			sourceTree = "<group>";
		};
		B380A4E11C414D58004A38C9 /* Supporting File */ = {
			isa = PBXGroup;
			children = (
				B34F28891C448E4C00E2655A /* FocusCircle-Bridging-Header.h */,
				B380A4A71C390A7A004A38C9 /* AppDelegate.swift */,
				B380A4B31C390A7A004A38C9 /* Info.plist */,
			);
			name = "Supporting File";
			sourceTree = "<group>";
		};
		B380A4E21C414D73004A38C9 /* Timer */ = {
			isa = PBXGroup;
			children = (
				B380A4D51C40F0F7004A38C9 /* TimerController.swift */,
				B380A4D71C40F13C004A38C9 /* Timer.swift */,
			);
			name = Timer;
			sourceTree = "<group>";
		};
		B380A4E51C41F822004A38C9 /* Views */ = {
			isa = PBXGroup;
			children = (
				B380A4E31C41F81D004A38C9 /* TimerTableViewCell.swift */,
			);
			name = Views;
			sourceTree = "<group>";
		};
		B380A4F01C4267C1004A38C9 /* Extensions */ = {
			isa = PBXGroup;
			children = (
				B380A4F91C43FC04004A38C9 /* UIButton+FocusCircle.swift */,
				B353C8B71C433622003FF374 /* Double+FocusCircle.swift */,
				B34F28871C4378B200E2655A /* String+FocusCircle.swift */,
				B380A4EE1C4267B9004A38C9 /* UIAlertController+FocusCircle.swift */,
			);
			name = Extensions;
			sourceTree = "<group>";
		};
/* End PBXGroup section */

/* Begin PBXNativeTarget section */
		B380A4A31C390A7A004A38C9 /* FocusCircle */ = {
			isa = PBXNativeTarget;
			buildConfigurationList = B380A4CC1C390A7A004A38C9 /* Build configuration list for PBXNativeTarget "FocusCircle" */;
			buildPhases = (
				C2006AD5BF0BD2C982F45043 /* [CP] Check Pods Manifest.lock */,
				B380A4A01C390A7A004A38C9 /* Sources */,
				B380A4A11C390A7A004A38C9 /* Frameworks */,
				B380A4A21C390A7A004A38C9 /* Resources */,
				5789A28F30F71B2F91D7B72A /* [CP] Embed Pods Frameworks */,
				A6AF976E4E2E3726EB36478C /* [CP] Copy Pods Resources */,
			);
			buildRules = (
			);
			dependencies = (
			);
			name = FocusCircle;
			productName = FocusCircle;
			productReference = B380A4A41C390A7A004A38C9 /* FocusCircle.app */;
			productType = "com.apple.product-type.application";
		};
		B380A4B71C390A7A004A38C9 /* FocusCircleTests */ = {
			isa = PBXNativeTarget;
			buildConfigurationList = B380A4CF1C390A7A004A38C9 /* Build configuration list for PBXNativeTarget "FocusCircleTests" */;
			buildPhases = (
				ACBA8129183B390F699561C1 /* [CP] Check Pods Manifest.lock */,
				B380A4B41C390A7A004A38C9 /* Sources */,
				B380A4B51C390A7A004A38C9 /* Frameworks */,
				B380A4B61C390A7A004A38C9 /* Resources */,
				82E4D0B2C019CC36E18A006B /* [CP] Embed Pods Frameworks */,
				57B61BAF68C0CEF0C533B1F3 /* [CP] Copy Pods Resources */,
			);
			buildRules = (
			);
			dependencies = (
				B380A4BA1C390A7A004A38C9 /* PBXTargetDependency */,
			);
			name = FocusCircleTests;
			productName = FocusCircleTests;
			productReference = B380A4B81C390A7A004A38C9 /* FocusCircleTests.xctest */;
			productType = "com.apple.product-type.bundle.unit-test";
		};
		B380A4C21C390A7A004A38C9 /* FocusCircleUITests */ = {
			isa = PBXNativeTarget;
			buildConfigurationList = B380A4D21C390A7A004A38C9 /* Build configuration list for PBXNativeTarget "FocusCircleUITests" */;
			buildPhases = (
				C7DCAB253D67FFA974D54391 /* [CP] Check Pods Manifest.lock */,
				B380A4BF1C390A7A004A38C9 /* Sources */,
				B380A4C01C390A7A004A38C9 /* Frameworks */,
				B380A4C11C390A7A004A38C9 /* Resources */,
				3CA2FB270DF3F7EA39AA0193 /* [CP] Copy Pods Resources */,
			);
			buildRules = (
			);
			dependencies = (
				B380A4C51C390A7A004A38C9 /* PBXTargetDependency */,
			);
			name = FocusCircleUITests;
			productName = FocusCircleUITests;
			productReference = B380A4C31C390A7A004A38C9 /* FocusCircleUITests.xctest */;
			productType = "com.apple.product-type.bundle.ui-testing";
		};
/* End PBXNativeTarget section */

/* Begin PBXProject section */
		B380A49C1C390A7A004A38C9 /* Project object */ = {
			isa = PBXProject;
			attributes = {
				LastSwiftUpdateCheck = 0720;
				LastUpgradeCheck = 0720;
				ORGANIZATIONNAME = "Liang Zhao";
				TargetAttributes = {
					B380A4A31C390A7A004A38C9 = {
						CreatedOnToolsVersion = 7.2;
						DevelopmentTeam = TNZ7HD8PFQ;
						LastSwiftMigration = 0800;
						SystemCapabilities = {
							com.apple.BackgroundModes = {
								enabled = 1;
							};
						};
					};
					B380A4B71C390A7A004A38C9 = {
						CreatedOnToolsVersion = 7.2;
						DevelopmentTeam = TNZ7HD8PFQ;
						LastSwiftMigration = 0800;
						TestTargetID = B380A4A31C390A7A004A38C9;
					};
					B380A4C21C390A7A004A38C9 = {
						CreatedOnToolsVersion = 7.2;
						DevelopmentTeam = TNZ7HD8PFQ;
						LastSwiftMigration = 0800;
						TestTargetID = B380A4A31C390A7A004A38C9;
					};
				};
			};
			buildConfigurationList = B380A49F1C390A7A004A38C9 /* Build configuration list for PBXProject "FocusCircle" */;
			compatibilityVersion = "Xcode 3.2";
			developmentRegion = English;
			hasScannedForEncodings = 0;
			knownRegions = (
				en,
				Base,
			);
			mainGroup = B380A49B1C390A7A004A38C9;
			productRefGroup = B380A4A51C390A7A004A38C9 /* Products */;
			projectDirPath = "";
			projectRoot = "";
			targets = (
				B380A4A31C390A7A004A38C9 /* FocusCircle */,
				B380A4B71C390A7A004A38C9 /* FocusCircleTests */,
				B380A4C21C390A7A004A38C9 /* FocusCircleUITests */,
			);
		};
/* End PBXProject section */

/* Begin PBXResourcesBuildPhase section */
		B380A4A21C390A7A004A38C9 /* Resources */ = {
			isa = PBXResourcesBuildPhase;
			buildActionMask = 2147483647;
			files = (
				B380A4B21C390A7A004A38C9 /* LaunchScreen.storyboard in Resources */,
				B380A4AF1C390A7A004A38C9 /* Assets.xcassets in Resources */,
				B380A4AD1C390A7A004A38C9 /* Main.storyboard in Resources */,
			);
			runOnlyForDeploymentPostprocessing = 0;
		};
		B380A4B61C390A7A004A38C9 /* Resources */ = {
			isa = PBXResourcesBuildPhase;
			buildActionMask = 2147483647;
			files = (
			);
			runOnlyForDeploymentPostprocessing = 0;
		};
		B380A4C11C390A7A004A38C9 /* Resources */ = {
			isa = PBXResourcesBuildPhase;
			buildActionMask = 2147483647;
			files = (
			);
			runOnlyForDeploymentPostprocessing = 0;
		};
/* End PBXResourcesBuildPhase section */

/* Begin PBXShellScriptBuildPhase section */
		3CA2FB270DF3F7EA39AA0193 /* [CP] Copy Pods Resources */ = {
			isa = PBXShellScriptBuildPhase;
			buildActionMask = 2147483647;
			files = (
			);
			inputPaths = (
			);
			name = "[CP] Copy Pods Resources";
			outputPaths = (
			);
			runOnlyForDeploymentPostprocessing = 0;
			shellPath = /bin/sh;
			shellScript = "\"${SRCROOT}/Pods/Target Support Files/Pods-FocusCircleUITests/Pods-FocusCircleUITests-resources.sh\"\n";
			showEnvVarsInLog = 0;
		};
		5789A28F30F71B2F91D7B72A /* [CP] Embed Pods Frameworks */ = {
			isa = PBXShellScriptBuildPhase;
			buildActionMask = 2147483647;
			files = (
			);
			inputPaths = (
			);
			name = "[CP] Embed Pods Frameworks";
			outputPaths = (
			);
			runOnlyForDeploymentPostprocessing = 0;
			shellPath = /bin/sh;
			shellScript = "\"${SRCROOT}/Pods/Target Support Files/Pods-FocusCircle/Pods-FocusCircle-frameworks.sh\"\n";
			showEnvVarsInLog = 0;
		};
		57B61BAF68C0CEF0C533B1F3 /* [CP] Copy Pods Resources */ = {
			isa = PBXShellScriptBuildPhase;
			buildActionMask = 2147483647;
			files = (
			);
			inputPaths = (
			);
			name = "[CP] Copy Pods Resources";
			outputPaths = (
			);
			runOnlyForDeploymentPostprocessing = 0;
			shellPath = /bin/sh;
			shellScript = "\"${SRCROOT}/Pods/Target Support Files/Pods-FocusCircleTests/Pods-FocusCircleTests-resources.sh\"\n";
			showEnvVarsInLog = 0;
		};
		82E4D0B2C019CC36E18A006B /* [CP] Embed Pods Frameworks */ = {
			isa = PBXShellScriptBuildPhase;
			buildActionMask = 2147483647;
			files = (
			);
			inputPaths = (
			);
			name = "[CP] Embed Pods Frameworks";
			outputPaths = (
			);
			runOnlyForDeploymentPostprocessing = 0;
			shellPath = /bin/sh;
			shellScript = "\"${SRCROOT}/Pods/Target Support Files/Pods-FocusCircleTests/Pods-FocusCircleTests-frameworks.sh\"\n";
			showEnvVarsInLog = 0;
		};
		A6AF976E4E2E3726EB36478C /* [CP] Copy Pods Resources */ = {
			isa = PBXShellScriptBuildPhase;
			buildActionMask = 2147483647;
			files = (
			);
			inputPaths = (
			);
			name = "[CP] Copy Pods Resources";
			outputPaths = (
			);
			runOnlyForDeploymentPostprocessing = 0;
			shellPath = /bin/sh;
			shellScript = "\"${SRCROOT}/Pods/Target Support Files/Pods-FocusCircle/Pods-FocusCircle-resources.sh\"\n";
			showEnvVarsInLog = 0;
		};
		ACBA8129183B390F699561C1 /* [CP] Check Pods Manifest.lock */ = {
			isa = PBXShellScriptBuildPhase;
			buildActionMask = 2147483647;
			files = (
			);
			inputPaths = (
			);
			name = "[CP] Check Pods Manifest.lock";
			outputPaths = (
			);
			runOnlyForDeploymentPostprocessing = 0;
			shellPath = /bin/sh;
			shellScript = "diff \"${PODS_ROOT}/../Podfile.lock\" \"${PODS_ROOT}/Manifest.lock\" > /dev/null\nif [[ $? != 0 ]] ; then\n    cat << EOM\nerror: The sandbox is not in sync with the Podfile.lock. Run 'pod install' or update your CocoaPods installation.\nEOM\n    exit 1\nfi\n";
			showEnvVarsInLog = 0;
		};
		C2006AD5BF0BD2C982F45043 /* [CP] Check Pods Manifest.lock */ = {
			isa = PBXShellScriptBuildPhase;
			buildActionMask = 2147483647;
			files = (
			);
			inputPaths = (
			);
			name = "[CP] Check Pods Manifest.lock";
			outputPaths = (
			);
			runOnlyForDeploymentPostprocessing = 0;
			shellPath = /bin/sh;
			shellScript = "diff \"${PODS_ROOT}/../Podfile.lock\" \"${PODS_ROOT}/Manifest.lock\" > /dev/null\nif [[ $? != 0 ]] ; then\n    cat << EOM\nerror: The sandbox is not in sync with the Podfile.lock. Run 'pod install' or update your CocoaPods installation.\nEOM\n    exit 1\nfi\n";
			showEnvVarsInLog = 0;
		};
		C7DCAB253D67FFA974D54391 /* [CP] Check Pods Manifest.lock */ = {
			isa = PBXShellScriptBuildPhase;
			buildActionMask = 2147483647;
			files = (
			);
			inputPaths = (
			);
			name = "[CP] Check Pods Manifest.lock";
			outputPaths = (
			);
			runOnlyForDeploymentPostprocessing = 0;
			shellPath = /bin/sh;
			shellScript = "diff \"${PODS_ROOT}/../Podfile.lock\" \"${PODS_ROOT}/Manifest.lock\" > /dev/null\nif [[ $? != 0 ]] ; then\n    cat << EOM\nerror: The sandbox is not in sync with the Podfile.lock. Run 'pod install' or update your CocoaPods installation.\nEOM\n    exit 1\nfi\n";
			showEnvVarsInLog = 0;
		};
/* End PBXShellScriptBuildPhase section */

/* Begin PBXSourcesBuildPhase section */
		B380A4A01C390A7A004A38C9 /* Sources */ = {
			isa = PBXSourcesBuildPhase;
			buildActionMask = 2147483647;
			files = (
				B380A4A81C390A7A004A38C9 /* AppDelegate.swift in Sources */,
				B380A4D61C40F0F7004A38C9 /* TimerController.swift in Sources */,
				B380A4FA1C43FC04004A38C9 /* UIButton+FocusCircle.swift in Sources */,
				B380A4ED1C42351C004A38C9 /* TimerTextTableViewController.swift in Sources */,
				B34F288F1C44F3BD00E2655A /* DatabaseController.swift in Sources */,
				B380A4DE1C414D22004A38C9 /* TimerViewController.swift in Sources */,
				B380A4D81C40F13C004A38C9 /* Timer.swift in Sources */,
				B380A4EF1C4267B9004A38C9 /* UIAlertController+FocusCircle.swift in Sources */,
				B353C8B81C433622003FF374 /* Double+FocusCircle.swift in Sources */,
				B380A4E41C41F81D004A38C9 /* TimerTableViewCell.swift in Sources */,
				B34F28881C4378B200E2655A /* String+FocusCircle.swift in Sources */,
			);
			runOnlyForDeploymentPostprocessing = 0;
		};
		B380A4B41C390A7A004A38C9 /* Sources */ = {
			isa = PBXSourcesBuildPhase;
			buildActionMask = 2147483647;
			files = (
				B380A4BD1C390A7A004A38C9 /* FocusCircleTests.swift in Sources */,
			);
			runOnlyForDeploymentPostprocessing = 0;
		};
		B380A4BF1C390A7A004A38C9 /* Sources */ = {
			isa = PBXSourcesBuildPhase;
			buildActionMask = 2147483647;
			files = (
				B380A4C81C390A7A004A38C9 /* FocusCircleUITests.swift in Sources */,
			);
			runOnlyForDeploymentPostprocessing = 0;
		};
/* End PBXSourcesBuildPhase section */

/* Begin PBXTargetDependency section */
		B380A4BA1C390A7A004A38C9 /* PBXTargetDependency */ = {
			isa = PBXTargetDependency;
			target = B380A4A31C390A7A004A38C9 /* FocusCircle */;
			targetProxy = B380A4B91C390A7A004A38C9 /* PBXContainerItemProxy */;
		};
		B380A4C51C390A7A004A38C9 /* PBXTargetDependency */ = {
			isa = PBXTargetDependency;
			target = B380A4A31C390A7A004A38C9 /* FocusCircle */;
			targetProxy = B380A4C41C390A7A004A38C9 /* PBXContainerItemProxy */;
		};
/* End PBXTargetDependency section */

/* Begin PBXVariantGroup section */
		B380A4AB1C390A7A004A38C9 /* Main.storyboard */ = {
			isa = PBXVariantGroup;
			children = (
				B380A4AC1C390A7A004A38C9 /* Base */,
			);
			name = Main.storyboard;
			sourceTree = "<group>";
		};
		B380A4B01C390A7A004A38C9 /* LaunchScreen.storyboard */ = {
			isa = PBXVariantGroup;
			children = (
				B380A4B11C390A7A004A38C9 /* Base */,
			);
			name = LaunchScreen.storyboard;
			sourceTree = "<group>";
		};
/* End PBXVariantGroup section */

/* Begin XCBuildConfiguration section */
		B380A4CA1C390A7A004A38C9 /* Debug */ = {
			isa = XCBuildConfiguration;
			buildSettings = {
				ALWAYS_SEARCH_USER_PATHS = NO;
				CLANG_CXX_LANGUAGE_STANDARD = "gnu++0x";
				CLANG_CXX_LIBRARY = "libc++";
				CLANG_ENABLE_MODULES = YES;
				CLANG_ENABLE_OBJC_ARC = YES;
				CLANG_WARN_BOOL_CONVERSION = YES;
				CLANG_WARN_CONSTANT_CONVERSION = YES;
				CLANG_WARN_DIRECT_OBJC_ISA_USAGE = YES_ERROR;
				CLANG_WARN_EMPTY_BODY = YES;
				CLANG_WARN_ENUM_CONVERSION = YES;
				CLANG_WARN_INT_CONVERSION = YES;
				CLANG_WARN_OBJC_ROOT_CLASS = YES_ERROR;
				CLANG_WARN_UNREACHABLE_CODE = YES;
				CLANG_WARN__DUPLICATE_METHOD_MATCH = YES;
				"CODE_SIGN_IDENTITY[sdk=iphoneos*]" = "iPhone Developer";
				COPY_PHASE_STRIP = NO;
				DEBUG_INFORMATION_FORMAT = dwarf;
				ENABLE_STRICT_OBJC_MSGSEND = YES;
				ENABLE_TESTABILITY = YES;
				GCC_C_LANGUAGE_STANDARD = gnu99;
				GCC_DYNAMIC_NO_PIC = NO;
				GCC_NO_COMMON_BLOCKS = YES;
				GCC_OPTIMIZATION_LEVEL = 0;
				GCC_PREPROCESSOR_DEFINITIONS = (
					"DEBUG=1",
					"$(inherited)",
				);
				GCC_WARN_64_TO_32_BIT_CONVERSION = YES;
				GCC_WARN_ABOUT_RETURN_TYPE = YES_ERROR;
				GCC_WARN_UNDECLARED_SELECTOR = YES;
				GCC_WARN_UNINITIALIZED_AUTOS = YES_AGGRESSIVE;
				GCC_WARN_UNUSED_FUNCTION = YES;
				GCC_WARN_UNUSED_VARIABLE = YES;
				IPHONEOS_DEPLOYMENT_TARGET = 9.2;
				MTL_ENABLE_DEBUG_INFO = YES;
				ONLY_ACTIVE_ARCH = YES;
				SDKROOT = iphoneos;
				SWIFT_OPTIMIZATION_LEVEL = "-Onone";
			};
			name = Debug;
		};
		B380A4CB1C390A7A004A38C9 /* Release */ = {
			isa = XCBuildConfiguration;
			buildSettings = {
				ALWAYS_SEARCH_USER_PATHS = NO;
				CLANG_CXX_LANGUAGE_STANDARD = "gnu++0x";
				CLANG_CXX_LIBRARY = "libc++";
				CLANG_ENABLE_MODULES = YES;
				CLANG_ENABLE_OBJC_ARC = YES;
				CLANG_WARN_BOOL_CONVERSION = YES;
				CLANG_WARN_CONSTANT_CONVERSION = YES;
				CLANG_WARN_DIRECT_OBJC_ISA_USAGE = YES_ERROR;
				CLANG_WARN_EMPTY_BODY = YES;
				CLANG_WARN_ENUM_CONVERSION = YES;
				CLANG_WARN_INT_CONVERSION = YES;
				CLANG_WARN_OBJC_ROOT_CLASS = YES_ERROR;
				CLANG_WARN_UNREACHABLE_CODE = YES;
				CLANG_WARN__DUPLICATE_METHOD_MATCH = YES;
				"CODE_SIGN_IDENTITY[sdk=iphoneos*]" = "iPhone Developer";
				COPY_PHASE_STRIP = NO;
				DEBUG_INFORMATION_FORMAT = "dwarf-with-dsym";
				ENABLE_NS_ASSERTIONS = NO;
				ENABLE_STRICT_OBJC_MSGSEND = YES;
				GCC_C_LANGUAGE_STANDARD = gnu99;
				GCC_NO_COMMON_BLOCKS = YES;
				GCC_WARN_64_TO_32_BIT_CONVERSION = YES;
				GCC_WARN_ABOUT_RETURN_TYPE = YES_ERROR;
				GCC_WARN_UNDECLARED_SELECTOR = YES;
				GCC_WARN_UNINITIALIZED_AUTOS = YES_AGGRESSIVE;
				GCC_WARN_UNUSED_FUNCTION = YES;
				GCC_WARN_UNUSED_VARIABLE = YES;
				IPHONEOS_DEPLOYMENT_TARGET = 9.2;
				MTL_ENABLE_DEBUG_INFO = NO;
				SDKROOT = iphoneos;
				VALIDATE_PRODUCT = YES;
			};
			name = Release;
		};
		B380A4CD1C390A7A004A38C9 /* Debug */ = {
			isa = XCBuildConfiguration;
			baseConfigurationReference = 0F67A3A5F127E86E342A37EC /* Pods-FocusCircle.debug.xcconfig */;
			buildSettings = {
				ASSETCATALOG_COMPILER_APPICON_NAME = AppIcon;
				CLANG_ENABLE_MODULES = YES;
				INFOPLIST_FILE = FocusCircle/Info.plist;
				LD_RUNPATH_SEARCH_PATHS = "$(inherited) @executable_path/Frameworks";
				PRODUCT_BUNDLE_IDENTIFIER = com.Amztion.FocusCircle;
				PRODUCT_NAME = "$(TARGET_NAME)";
				SWIFT_OBJC_BRIDGING_HEADER = "FocusCircle/FocusCircle-Bridging-Header.h";
				SWIFT_OPTIMIZATION_LEVEL = "-Onone";
				SWIFT_VERSION = 3.0;
			};
			name = Debug;
		};
		B380A4CE1C390A7A004A38C9 /* Release */ = {
			isa = XCBuildConfiguration;
			baseConfigurationReference = 920D5BACD25D1E0432A04A99 /* Pods-FocusCircle.release.xcconfig */;
			buildSettings = {
				ASSETCATALOG_COMPILER_APPICON_NAME = AppIcon;
				CLANG_ENABLE_MODULES = YES;
				INFOPLIST_FILE = FocusCircle/Info.plist;
				LD_RUNPATH_SEARCH_PATHS = "$(inherited) @executable_path/Frameworks";
				PRODUCT_BUNDLE_IDENTIFIER = com.Amztion.FocusCircle;
				PRODUCT_NAME = "$(TARGET_NAME)";
				SWIFT_OBJC_BRIDGING_HEADER = "FocusCircle/FocusCircle-Bridging-Header.h";
				SWIFT_VERSION = 3.0;
			};
			name = Release;
		};
		B380A4D01C390A7A004A38C9 /* Debug */ = {
			isa = XCBuildConfiguration;
			baseConfigurationReference = BE373F437A7AECC5DD815D76 /* Pods-FocusCircleTests.debug.xcconfig */;
			buildSettings = {
				BUNDLE_LOADER = "$(TEST_HOST)";
				INFOPLIST_FILE = FocusCircleTests/Info.plist;
				LD_RUNPATH_SEARCH_PATHS = "$(inherited) @executable_path/Frameworks @loader_path/Frameworks";
				PRODUCT_BUNDLE_IDENTIFIER = com.Amztion.FocusCircleTests;
				PRODUCT_NAME = "$(TARGET_NAME)";
				SWIFT_VERSION = 3.0;
				TEST_HOST = "$(BUILT_PRODUCTS_DIR)/FocusCircle.app/FocusCircle";
			};
			name = Debug;
		};
		B380A4D11C390A7A004A38C9 /* Release */ = {
			isa = XCBuildConfiguration;
			baseConfigurationReference = 55728C91537A3D8E4910457F /* Pods-FocusCircleTests.release.xcconfig */;
			buildSettings = {
				BUNDLE_LOADER = "$(TEST_HOST)";
				INFOPLIST_FILE = FocusCircleTests/Info.plist;
				LD_RUNPATH_SEARCH_PATHS = "$(inherited) @executable_path/Frameworks @loader_path/Frameworks";
				PRODUCT_BUNDLE_IDENTIFIER = com.Amztion.FocusCircleTests;
				PRODUCT_NAME = "$(TARGET_NAME)";
				SWIFT_VERSION = 3.0;
				TEST_HOST = "$(BUILT_PRODUCTS_DIR)/FocusCircle.app/FocusCircle";
			};
			name = Release;
		};
		B380A4D31C390A7A004A38C9 /* Debug */ = {
			isa = XCBuildConfiguration;
			baseConfigurationReference = 47B74F41A6DC3397837EA20F /* Pods-FocusCircleUITests.debug.xcconfig */;
			buildSettings = {
				INFOPLIST_FILE = FocusCircleUITests/Info.plist;
				LD_RUNPATH_SEARCH_PATHS = "$(inherited) @executable_path/Frameworks @loader_path/Frameworks";
				PRODUCT_BUNDLE_IDENTIFIER = com.Amztion.FocusCircleUITests;
				PRODUCT_NAME = "$(TARGET_NAME)";
				SWIFT_VERSION = 3.0;
				TEST_TARGET_NAME = FocusCircle;
				USES_XCTRUNNER = YES;
			};
			name = Debug;
		};
		B380A4D41C390A7A004A38C9 /* Release */ = {
			isa = XCBuildConfiguration;
			baseConfigurationReference = 54A56AC8B3F4746AD82FE679 /* Pods-FocusCircleUITests.release.xcconfig */;
			buildSettings = {
				INFOPLIST_FILE = FocusCircleUITests/Info.plist;
				LD_RUNPATH_SEARCH_PATHS = "$(inherited) @executable_path/Frameworks @loader_path/Frameworks";
				PRODUCT_BUNDLE_IDENTIFIER = com.Amztion.FocusCircleUITests;
				PRODUCT_NAME = "$(TARGET_NAME)";
				SWIFT_VERSION = 3.0;
				TEST_TARGET_NAME = FocusCircle;
				USES_XCTRUNNER = YES;
			};
			name = Release;
		};
/* End XCBuildConfiguration section */

/* Begin XCConfigurationList section */
		B380A49F1C390A7A004A38C9 /* Build configuration list for PBXProject "FocusCircle" */ = {
			isa = XCConfigurationList;
			buildConfigurations = (
				B380A4CA1C390A7A004A38C9 /* Debug */,
				B380A4CB1C390A7A004A38C9 /* Release */,
			);
			defaultConfigurationIsVisible = 0;
			defaultConfigurationName = Release;
		};
		B380A4CC1C390A7A004A38C9 /* Build configuration list for PBXNativeTarget "FocusCircle" */ = {
			isa = XCConfigurationList;
			buildConfigurations = (
				B380A4CD1C390A7A004A38C9 /* Debug */,
				B380A4CE1C390A7A004A38C9 /* Release */,
			);
			defaultConfigurationIsVisible = 0;
			defaultConfigurationName = Release;
		};
		B380A4CF1C390A7A004A38C9 /* Build configuration list for PBXNativeTarget "FocusCircleTests" */ = {
			isa = XCConfigurationList;
			buildConfigurations = (
				B380A4D01C390A7A004A38C9 /* Debug */,
				B380A4D11C390A7A004A38C9 /* Release */,
			);
			defaultConfigurationIsVisible = 0;
			defaultConfigurationName = Release;
		};
		B380A4D21C390A7A004A38C9 /* Build configuration list for PBXNativeTarget "FocusCircleUITests" */ = {
			isa = XCConfigurationList;
			buildConfigurations = (
				B380A4D31C390A7A004A38C9 /* Debug */,
				B380A4D41C390A7A004A38C9 /* Release */,
			);
			defaultConfigurationIsVisible = 0;
			defaultConfigurationName = Release;
		};
/* End XCConfigurationList section */
	};
	rootObject = B380A49C1C390A7A004A38C9 /* Project object */;
}
